<?xml version="1.0" encoding="utf-8"?>
<Project ToolsVersion="4.0" xmlns="http://schemas.microsoft.com/developer/msbuild/2003">
  <ItemGroup>
    <Filter Include="Source Files">
      <UniqueIdentifier>{4FC737F1-C7A5-4376-A066-2A32D752A2FF}</UniqueIdentifier>
      <Extensions>cpp;c;cc;cxx;c++;cppm;ixx;def;odl;idl;hpj;bat;asm;asmx</Extensions>
    </Filter>
    <Filter Include="Header Files">
      <UniqueIdentifier>{93995380-89BD-4b04-88EB-625FBE52EBFB}</UniqueIdentifier>
      <Extensions>h;hh;hpp;hxx;h++;hm;inl;inc;ipp;xsd</Extensions>
    </Filter>
    <Filter Include="Core">
      <UniqueIdentifier>{67DA6AB6-F800-4c08-8B7A-83BB121AAD01}</UniqueIdentifier>
    </Filter>
    <Filter Include="UI">
      <UniqueIdentifier>{B9BE9A65-5E14-4bc1-9F87-0C58ED98F1DE}</UniqueIdentifier>
    </Filter>
  </ItemGroup>
  
  <ItemGroup>
    <ClInclude Include="guids.h">
      <Filter>Header Files</Filter>
    </ClInclude>
    <ClInclude Include="artwork_bridge.h">
      <Filter>Header Files</Filter>
    </ClInclude>
    <ClInclude Include="pch.h">
      <Filter>Header Files</Filter>
    </ClInclude>
    <ClInclude Include="version.h">
      <Filter>Header Files</Filter>
    </ClInclude>
    <ClInclude Include="core\control_panel_core.h">
      <Filter>Core</Filter>
    </ClInclude>
    <ClInclude Include="core\playback_state.h">
      <Filter>Core</Filter>
    </ClInclude>
    <ClInclude Include="ui\control_panel_cui.h">
      <Filter>UI</Filter>
    </ClInclude>
    <ClInclude Include="ui\control_panel_dui.h">
      <Filter>UI</Filter>
    </ClInclude>
  </ItemGroup>
  
  <ItemGroup>
    <ClCompile Include="pch.cpp">
      <Filter>Source Files</Filter>
    </ClCompile>
    <ClCompile Include="component.cpp">
      <Filter>Source Files</Filter>
    </ClCompile>
    <ClCompile Include="artwork_bridge.cpp">
      <Filter>Source Files</Filter>
    </ClCompile>
    <ClCompile Include="core\control_panel_core.cpp">
      <Filter>Core</Filter>
    </ClCompile>
    <ClCompile Include="core\playback_state.cpp">
      <Filter>Core</Filter>
    </ClCompile>
    <ClCompile Include="ui\control_panel_cui.cpp">
      <Filter>UI</Filter>
    </ClCompile>
    <ClCompile Include="ui\control_panel_dui.cpp">
      <Filter>UI</Filter>
    </ClCompile>
    <ClCompile Include="mainmenu_commands.cpp">
      <Filter>Source Files</Filter>
    </ClCompile>
    <ClCompile Include="preferences.cpp">
      <Filter>Source Files</Filter>
    </ClCompile>
    <ClCompile Include="component_client.cpp">
      <Filter>Source Files</Filter>
    </ClCompile>
  </ItemGroup>
</Project>
